
Microsoft Visual Studio Solution File, Format Version 12.00
# Visual Studio 15
VisualStudioVersion = 15.0.27428.2037
MinimumVisualStudioVersion = 10.0.40219.1
Project("{FAE04EC0-301F-11D3-BF4B-00C04F79EFBC}") = "Cellular.Common", "Cellular.Common\Cellular.Common.csproj", "{0C2B77A0-EC13-4602-A3F0-93378DCA22A0}"
EndProject
Project("{FAE04EC0-301F-11D3-BF4B-00C04F79EFBC}") = "Cellular.MainDal", "Cellular.MainDal\Cellular.MainDal.csproj", "{C99E954C-6709-4B9B-B37B-B1E77C9F1D96}"
EndProject
Project("{2150E333-8FDC-42A3-9474-1A3956D46DE8}") = "CRM", "CRM", "{2DFAE468-40BF-4BA2-8957-EB4080C97BFE}"
EndProject
Project("{FAE04EC0-301F-11D3-BF4B-00C04F79EFBC}") = "CRM.Dal", "CRM.Dal\CRM.Dal.csproj", "{E8D15EE3-0699-46BF-ADBE-A5248867B6D5}"
EndProject
Project("{FAE04EC0-301F-11D3-BF4B-00C04F79EFBC}") = "CRM.BL", "CRM.BL\CRM.BL.csproj", "{6E8E1A5B-CD90-4793-A35E-8D8253260751}"
EndProject
Project("{2150E333-8FDC-42A3-9474-1A3956D46DE8}") = "Client", "Client", "{C07CA2D6-BC24-4209-BB1F-7D3DA4220045}"
EndProject
Project("{FAE04EC0-301F-11D3-BF4B-00C04F79EFBC}") = "Cellular.Crm.Client.UWP", "Cellular.Crm.Client.UWP\Cellular.Crm.Client.UWP.csproj", "{B41730E7-8980-4E29-9315-56A0C9D15D38}"
EndProject
Project("{FAE04EC0-301F-11D3-BF4B-00C04F79EFBC}") = "Cellular.Crm.Client", "Cellular.Crm.Client\Cellular.Crm.Client.csproj", "{4E95CBF8-64BB-4502-9470-108D11629150}"
EndProject
Project("{2150E333-8FDC-42A3-9474-1A3956D46DE8}") = "BI", "BI", "{550A729A-9054-4CB8-A04C-F6024137AEC6}"
EndProject
Project("{FAE04EC0-301F-11D3-BF4B-00C04F79EFBC}") = "BI.Dal", "BI.Dal\BI.Dal.csproj", "{6C774883-83F5-4126-BE27-053AD3CFEA5D}"
EndProject
Project("{FAE04EC0-301F-11D3-BF4B-00C04F79EFBC}") = "BI.BL", "BI.BL\BI.BL.csproj", "{0C3C9E28-45C7-4022-975E-FFD50B9EA8D0}"
EndProject
Project("{2150E333-8FDC-42A3-9474-1A3956D46DE8}") = "Client", "Client", "{9238DE41-24E7-4020-AC0C-E6F1737F6424}"
EndProject
Project("{FAE04EC0-301F-11D3-BF4B-00C04F79EFBC}") = "Bi.Client", "Bi.Client\Bi.Client.csproj", "{A1C4698B-63F5-47A1-A38B-60645B8E3A1A}"
EndProject
Global
	GlobalSection(SolutionConfigurationPlatforms) = preSolution
		Debug|Any CPU = Debug|Any CPU
		Debug|ARM = Debug|ARM
		Debug|x64 = Debug|x64
		Debug|x86 = Debug|x86
		Release|Any CPU = Release|Any CPU
		Release|ARM = Release|ARM
		Release|x64 = Release|x64
		Release|x86 = Release|x86
	EndGlobalSection
	GlobalSection(ProjectConfigurationPlatforms) = postSolution
		{0C2B77A0-EC13-4602-A3F0-93378DCA22A0}.Debug|Any CPU.ActiveCfg = Debug|Any CPU
		{0C2B77A0-EC13-4602-A3F0-93378DCA22A0}.Debug|Any CPU.Build.0 = Debug|Any CPU
		{0C2B77A0-EC13-4602-A3F0-93378DCA22A0}.Debug|ARM.ActiveCfg = Debug|Any CPU
		{0C2B77A0-EC13-4602-A3F0-93378DCA22A0}.Debug|ARM.Build.0 = Debug|Any CPU
		{0C2B77A0-EC13-4602-A3F0-93378DCA22A0}.Debug|x64.ActiveCfg = Debug|Any CPU
		{0C2B77A0-EC13-4602-A3F0-93378DCA22A0}.Debug|x64.Build.0 = Debug|Any CPU
		{0C2B77A0-EC13-4602-A3F0-93378DCA22A0}.Debug|x86.ActiveCfg = Debug|Any CPU
		{0C2B77A0-EC13-4602-A3F0-93378DCA22A0}.Debug|x86.Build.0 = Debug|Any CPU
		{0C2B77A0-EC13-4602-A3F0-93378DCA22A0}.Release|Any CPU.ActiveCfg = Release|Any CPU
		{0C2B77A0-EC13-4602-A3F0-93378DCA22A0}.Release|Any CPU.Build.0 = Release|Any CPU
		{0C2B77A0-EC13-4602-A3F0-93378DCA22A0}.Release|ARM.ActiveCfg = Release|Any CPU
		{0C2B77A0-EC13-4602-A3F0-93378DCA22A0}.Release|ARM.Build.0 = Release|Any CPU
		{0C2B77A0-EC13-4602-A3F0-93378DCA22A0}.Release|x64.ActiveCfg = Release|Any CPU
		{0C2B77A0-EC13-4602-A3F0-93378DCA22A0}.Release|x64.Build.0 = Release|Any CPU
		{0C2B77A0-EC13-4602-A3F0-93378DCA22A0}.Release|x86.ActiveCfg = Release|Any CPU
		{0C2B77A0-EC13-4602-A3F0-93378DCA22A0}.Release|x86.Build.0 = Release|Any CPU
		{C99E954C-6709-4B9B-B37B-B1E77C9F1D96}.Debug|Any CPU.ActiveCfg = Debug|Any CPU
		{C99E954C-6709-4B9B-B37B-B1E77C9F1D96}.Debug|Any CPU.Build.0 = Debug|Any CPU
		{C99E954C-6709-4B9B-B37B-B1E77C9F1D96}.Debug|ARM.ActiveCfg = Debug|Any CPU
		{C99E954C-6709-4B9B-B37B-B1E77C9F1D96}.Debug|ARM.Build.0 = Debug|Any CPU
		{C99E954C-6709-4B9B-B37B-B1E77C9F1D96}.Debug|x64.ActiveCfg = Debug|Any CPU
		{C99E954C-6709-4B9B-B37B-B1E77C9F1D96}.Debug|x64.Build.0 = Debug|Any CPU
		{C99E954C-6709-4B9B-B37B-B1E77C9F1D96}.Debug|x86.ActiveCfg = Debug|Any CPU
		{C99E954C-6709-4B9B-B37B-B1E77C9F1D96}.Debug|x86.Build.0 = Debug|Any CPU
		{C99E954C-6709-4B9B-B37B-B1E77C9F1D96}.Release|Any CPU.ActiveCfg = Release|Any CPU
		{C99E954C-6709-4B9B-B37B-B1E77C9F1D96}.Release|Any CPU.Build.0 = Release|Any CPU
		{C99E954C-6709-4B9B-B37B-B1E77C9F1D96}.Release|ARM.ActiveCfg = Release|Any CPU
		{C99E954C-6709-4B9B-B37B-B1E77C9F1D96}.Release|ARM.Build.0 = Release|Any CPU
		{C99E954C-6709-4B9B-B37B-B1E77C9F1D96}.Release|x64.ActiveCfg = Release|Any CPU
		{C99E954C-6709-4B9B-B37B-B1E77C9F1D96}.Release|x64.Build.0 = Release|Any CPU
		{C99E954C-6709-4B9B-B37B-B1E77C9F1D96}.Release|x86.ActiveCfg = Release|Any CPU
		{C99E954C-6709-4B9B-B37B-B1E77C9F1D96}.Release|x86.Build.0 = Release|Any CPU
		{E8D15EE3-0699-46BF-ADBE-A5248867B6D5}.Debug|Any CPU.ActiveCfg = Debug|Any CPU
		{E8D15EE3-0699-46BF-ADBE-A5248867B6D5}.Debug|Any CPU.Build.0 = Debug|Any CPU
		{E8D15EE3-0699-46BF-ADBE-A5248867B6D5}.Debug|ARM.ActiveCfg = Debug|Any CPU
		{E8D15EE3-0699-46BF-ADBE-A5248867B6D5}.Debug|ARM.Build.0 = Debug|Any CPU
		{E8D15EE3-0699-46BF-ADBE-A5248867B6D5}.Debug|x64.ActiveCfg = Debug|Any CPU
		{E8D15EE3-0699-46BF-ADBE-A5248867B6D5}.Debug|x64.Build.0 = Debug|Any CPU
		{E8D15EE3-0699-46BF-ADBE-A5248867B6D5}.Debug|x86.ActiveCfg = Debug|Any CPU
		{E8D15EE3-0699-46BF-ADBE-A5248867B6D5}.Debug|x86.Build.0 = Debug|Any CPU
		{E8D15EE3-0699-46BF-ADBE-A5248867B6D5}.Release|Any CPU.ActiveCfg = Release|Any CPU
		{E8D15EE3-0699-46BF-ADBE-A5248867B6D5}.Release|Any CPU.Build.0 = Release|Any CPU
		{E8D15EE3-0699-46BF-ADBE-A5248867B6D5}.Release|ARM.ActiveCfg = Release|Any CPU
		{E8D15EE3-0699-46BF-ADBE-A5248867B6D5}.Release|ARM.Build.0 = Release|Any CPU
		{E8D15EE3-0699-46BF-ADBE-A5248867B6D5}.Release|x64.ActiveCfg = Release|Any CPU
		{E8D15EE3-0699-46BF-ADBE-A5248867B6D5}.Release|x64.Build.0 = Release|Any CPU
		{E8D15EE3-0699-46BF-ADBE-A5248867B6D5}.Release|x86.ActiveCfg = Release|Any CPU
		{E8D15EE3-0699-46BF-ADBE-A5248867B6D5}.Release|x86.Build.0 = Release|Any CPU
		{6E8E1A5B-CD90-4793-A35E-8D8253260751}.Debug|Any CPU.ActiveCfg = Debug|Any CPU
		{6E8E1A5B-CD90-4793-A35E-8D8253260751}.Debug|Any CPU.Build.0 = Debug|Any CPU
		{6E8E1A5B-CD90-4793-A35E-8D8253260751}.Debug|ARM.ActiveCfg = Debug|Any CPU
		{6E8E1A5B-CD90-4793-A35E-8D8253260751}.Debug|ARM.Build.0 = Debug|Any CPU
		{6E8E1A5B-CD90-4793-A35E-8D8253260751}.Debug|x64.ActiveCfg = Debug|Any CPU
		{6E8E1A5B-CD90-4793-A35E-8D8253260751}.Debug|x64.Build.0 = Debug|Any CPU
		{6E8E1A5B-CD90-4793-A35E-8D8253260751}.Debug|x86.ActiveCfg = Debug|Any CPU
		{6E8E1A5B-CD90-4793-A35E-8D8253260751}.Debug|x86.Build.0 = Debug|Any CPU
		{6E8E1A5B-CD90-4793-A35E-8D8253260751}.Release|Any CPU.ActiveCfg = Release|Any CPU
		{6E8E1A5B-CD90-4793-A35E-8D8253260751}.Release|Any CPU.Build.0 = Release|Any CPU
		{6E8E1A5B-CD90-4793-A35E-8D8253260751}.Release|ARM.ActiveCfg = Release|Any CPU
		{6E8E1A5B-CD90-4793-A35E-8D8253260751}.Release|ARM.Build.0 = Release|Any CPU
		{6E8E1A5B-CD90-4793-A35E-8D8253260751}.Release|x64.ActiveCfg = Release|Any CPU
		{6E8E1A5B-CD90-4793-A35E-8D8253260751}.Release|x64.Build.0 = Release|Any CPU
		{6E8E1A5B-CD90-4793-A35E-8D8253260751}.Release|x86.ActiveCfg = Release|Any CPU
		{6E8E1A5B-CD90-4793-A35E-8D8253260751}.Release|x86.Build.0 = Release|Any CPU
		{B41730E7-8980-4E29-9315-56A0C9D15D38}.Debug|Any CPU.ActiveCfg = Debug|x86
		{B41730E7-8980-4E29-9315-56A0C9D15D38}.Debug|ARM.ActiveCfg = Debug|ARM
		{B41730E7-8980-4E29-9315-56A0C9D15D38}.Debug|ARM.Build.0 = Debug|ARM
		{B41730E7-8980-4E29-9315-56A0C9D15D38}.Debug|ARM.Deploy.0 = Debug|ARM
		{B41730E7-8980-4E29-9315-56A0C9D15D38}.Debug|x64.ActiveCfg = Debug|x64
		{B41730E7-8980-4E29-9315-56A0C9D15D38}.Debug|x64.Build.0 = Debug|x64
		{B41730E7-8980-4E29-9315-56A0C9D15D38}.Debug|x64.Deploy.0 = Debug|x64
		{B41730E7-8980-4E29-9315-56A0C9D15D38}.Debug|x86.ActiveCfg = Debug|x86
		{B41730E7-8980-4E29-9315-56A0C9D15D38}.Debug|x86.Build.0 = Debug|x86
		{B41730E7-8980-4E29-9315-56A0C9D15D38}.Debug|x86.Deploy.0 = Debug|x86
		{B41730E7-8980-4E29-9315-56A0C9D15D38}.Release|Any CPU.ActiveCfg = Release|x86
		{B41730E7-8980-4E29-9315-56A0C9D15D38}.Release|ARM.ActiveCfg = Release|ARM
		{B41730E7-8980-4E29-9315-56A0C9D15D38}.Release|ARM.Build.0 = Release|ARM
		{B41730E7-8980-4E29-9315-56A0C9D15D38}.Release|ARM.Deploy.0 = Release|ARM
		{B41730E7-8980-4E29-9315-56A0C9D15D38}.Release|x64.ActiveCfg = Release|x64
		{B41730E7-8980-4E29-9315-56A0C9D15D38}.Release|x64.Build.0 = Release|x64
		{B41730E7-8980-4E29-9315-56A0C9D15D38}.Release|x64.Deploy.0 = Release|x64
		{B41730E7-8980-4E29-9315-56A0C9D15D38}.Release|x86.ActiveCfg = Release|x86
		{B41730E7-8980-4E29-9315-56A0C9D15D38}.Release|x86.Build.0 = Release|x86
		{B41730E7-8980-4E29-9315-56A0C9D15D38}.Release|x86.Deploy.0 = Release|x86
		{4E95CBF8-64BB-4502-9470-108D11629150}.Debug|Any CPU.ActiveCfg = Debug|Any CPU
		{4E95CBF8-64BB-4502-9470-108D11629150}.Debug|Any CPU.Build.0 = Debug|Any CPU
		{4E95CBF8-64BB-4502-9470-108D11629150}.Debug|ARM.ActiveCfg = Debug|Any CPU
		{4E95CBF8-64BB-4502-9470-108D11629150}.Debug|ARM.Build.0 = Debug|Any CPU
		{4E95CBF8-64BB-4502-9470-108D11629150}.Debug|x64.ActiveCfg = Debug|Any CPU
		{4E95CBF8-64BB-4502-9470-108D11629150}.Debug|x64.Build.0 = Debug|Any CPU
		{4E95CBF8-64BB-4502-9470-108D11629150}.Debug|x86.ActiveCfg = Debug|Any CPU
		{4E95CBF8-64BB-4502-9470-108D11629150}.Debug|x86.Build.0 = Debug|Any CPU
		{4E95CBF8-64BB-4502-9470-108D11629150}.Release|Any CPU.ActiveCfg = Release|Any CPU
		{4E95CBF8-64BB-4502-9470-108D11629150}.Release|Any CPU.Build.0 = Release|Any CPU
		{4E95CBF8-64BB-4502-9470-108D11629150}.Release|ARM.ActiveCfg = Release|Any CPU
		{4E95CBF8-64BB-4502-9470-108D11629150}.Release|ARM.Build.0 = Release|Any CPU
		{4E95CBF8-64BB-4502-9470-108D11629150}.Release|x64.ActiveCfg = Release|Any CPU
		{4E95CBF8-64BB-4502-9470-108D11629150}.Release|x64.Build.0 = Release|Any CPU
		{4E95CBF8-64BB-4502-9470-108D11629150}.Release|x86.ActiveCfg = Release|Any CPU
		{4E95CBF8-64BB-4502-9470-108D11629150}.Release|x86.Build.0 = Release|Any CPU
		{6C774883-83F5-4126-BE27-053AD3CFEA5D}.Debug|Any CPU.ActiveCfg = Debug|Any CPU
		{6C774883-83F5-4126-BE27-053AD3CFEA5D}.Debug|Any CPU.Build.0 = Debug|Any CPU
		{6C774883-83F5-4126-BE27-053AD3CFEA5D}.Debug|ARM.ActiveCfg = Debug|Any CPU
		{6C774883-83F5-4126-BE27-053AD3CFEA5D}.Debug|ARM.Build.0 = Debug|Any CPU
		{6C774883-83F5-4126-BE27-053AD3CFEA5D}.Debug|x64.ActiveCfg = Debug|Any CPU
		{6C774883-83F5-4126-BE27-053AD3CFEA5D}.Debug|x64.Build.0 = Debug|Any CPU
		{6C774883-83F5-4126-BE27-053AD3CFEA5D}.Debug|x86.ActiveCfg = Debug|Any CPU
		{6C774883-83F5-4126-BE27-053AD3CFEA5D}.Debug|x86.Build.0 = Debug|Any CPU
		{6C774883-83F5-4126-BE27-053AD3CFEA5D}.Release|Any CPU.ActiveCfg = Release|Any CPU
		{6C774883-83F5-4126-BE27-053AD3CFEA5D}.Release|Any CPU.Build.0 = Release|Any CPU
		{6C774883-83F5-4126-BE27-053AD3CFEA5D}.Release|ARM.ActiveCfg = Release|Any CPU
		{6C774883-83F5-4126-BE27-053AD3CFEA5D}.Release|ARM.Build.0 = Release|Any CPU
		{6C774883-83F5-4126-BE27-053AD3CFEA5D}.Release|x64.ActiveCfg = Release|Any CPU
		{6C774883-83F5-4126-BE27-053AD3CFEA5D}.Release|x64.Build.0 = Release|Any CPU
		{6C774883-83F5-4126-BE27-053AD3CFEA5D}.Release|x86.ActiveCfg = Release|Any CPU
		{6C774883-83F5-4126-BE27-053AD3CFEA5D}.Release|x86.Build.0 = Release|Any CPU
		{0C3C9E28-45C7-4022-975E-FFD50B9EA8D0}.Debug|Any CPU.ActiveCfg = Debug|Any CPU
		{0C3C9E28-45C7-4022-975E-FFD50B9EA8D0}.Debug|Any CPU.Build.0 = Debug|Any CPU
		{0C3C9E28-45C7-4022-975E-FFD50B9EA8D0}.Debug|ARM.ActiveCfg = Debug|Any CPU
		{0C3C9E28-45C7-4022-975E-FFD50B9EA8D0}.Debug|ARM.Build.0 = Debug|Any CPU
		{0C3C9E28-45C7-4022-975E-FFD50B9EA8D0}.Debug|x64.ActiveCfg = Debug|Any CPU
		{0C3C9E28-45C7-4022-975E-FFD50B9EA8D0}.Debug|x64.Build.0 = Debug|Any CPU
		{0C3C9E28-45C7-4022-975E-FFD50B9EA8D0}.Debug|x86.ActiveCfg = Debug|Any CPU
		{0C3C9E28-45C7-4022-975E-FFD50B9EA8D0}.Debug|x86.Build.0 = Debug|Any CPU
		{0C3C9E28-45C7-4022-975E-FFD50B9EA8D0}.Release|Any CPU.ActiveCfg = Release|Any CPU
		{0C3C9E28-45C7-4022-975E-FFD50B9EA8D0}.Release|Any CPU.Build.0 = Release|Any CPU
		{0C3C9E28-45C7-4022-975E-FFD50B9EA8D0}.Release|ARM.ActiveCfg = Release|Any CPU
		{0C3C9E28-45C7-4022-975E-FFD50B9EA8D0}.Release|ARM.Build.0 = Release|Any CPU
		{0C3C9E28-45C7-4022-975E-FFD50B9EA8D0}.Release|x64.ActiveCfg = Release|Any CPU
		{0C3C9E28-45C7-4022-975E-FFD50B9EA8D0}.Release|x64.Build.0 = Release|Any CPU
		{0C3C9E28-45C7-4022-975E-FFD50B9EA8D0}.Release|x86.ActiveCfg = Release|Any CPU
		{0C3C9E28-45C7-4022-975E-FFD50B9EA8D0}.Release|x86.Build.0 = Release|Any CPU
		{A1C4698B-63F5-47A1-A38B-60645B8E3A1A}.Debug|Any CPU.ActiveCfg = Debug|Any CPU
		{A1C4698B-63F5-47A1-A38B-60645B8E3A1A}.Debug|Any CPU.Build.0 = Debug|Any CPU
		{A1C4698B-63F5-47A1-A38B-60645B8E3A1A}.Debug|ARM.ActiveCfg = Debug|Any CPU
		{A1C4698B-63F5-47A1-A38B-60645B8E3A1A}.Debug|ARM.Build.0 = Debug|Any CPU
		{A1C4698B-63F5-47A1-A38B-60645B8E3A1A}.Debug|x64.ActiveCfg = Debug|Any CPU
		{A1C4698B-63F5-47A1-A38B-60645B8E3A1A}.Debug|x64.Build.0 = Debug|Any CPU
		{A1C4698B-63F5-47A1-A38B-60645B8E3A1A}.Debug|x86.ActiveCfg = Debug|Any CPU
		{A1C4698B-63F5-47A1-A38B-60645B8E3A1A}.Debug|x86.Build.0 = Debug|Any CPU
		{A1C4698B-63F5-47A1-A38B-60645B8E3A1A}.Release|Any CPU.ActiveCfg = Release|Any CPU
		{A1C4698B-63F5-47A1-A38B-60645B8E3A1A}.Release|Any CPU.Build.0 = Release|Any CPU
		{A1C4698B-63F5-47A1-A38B-60645B8E3A1A}.Release|ARM.ActiveCfg = Release|Any CPU
		{A1C4698B-63F5-47A1-A38B-60645B8E3A1A}.Release|ARM.Build.0 = Release|Any CPU
		{A1C4698B-63F5-47A1-A38B-60645B8E3A1A}.Release|x64.ActiveCfg = Release|Any CPU
		{A1C4698B-63F5-47A1-A38B-60645B8E3A1A}.Release|x64.Build.0 = Release|Any CPU
		{A1C4698B-63F5-47A1-A38B-60645B8E3A1A}.Release|x86.ActiveCfg = Release|Any CPU
		{A1C4698B-63F5-47A1-A38B-60645B8E3A1A}.Release|x86.Build.0 = Release|Any CPU
	EndGlobalSection
	GlobalSection(SolutionProperties) = preSolution
		HideSolutionNode = FALSE
	EndGlobalSection
	GlobalSection(NestedProjects) = preSolution
		{E8D15EE3-0699-46BF-ADBE-A5248867B6D5} = {2DFAE468-40BF-4BA2-8957-EB4080C97BFE}
		{6E8E1A5B-CD90-4793-A35E-8D8253260751} = {2DFAE468-40BF-4BA2-8957-EB4080C97BFE}
		{C07CA2D6-BC24-4209-BB1F-7D3DA4220045} = {2DFAE468-40BF-4BA2-8957-EB4080C97BFE}
		{B41730E7-8980-4E29-9315-56A0C9D15D38} = {C07CA2D6-BC24-4209-BB1F-7D3DA4220045}
		{4E95CBF8-64BB-4502-9470-108D11629150} = {C07CA2D6-BC24-4209-BB1F-7D3DA4220045}
		{6C774883-83F5-4126-BE27-053AD3CFEA5D} = {550A729A-9054-4CB8-A04C-F6024137AEC6}
		{0C3C9E28-45C7-4022-975E-FFD50B9EA8D0} = {550A729A-9054-4CB8-A04C-F6024137AEC6}
		{9238DE41-24E7-4020-AC0C-E6F1737F6424} = {550A729A-9054-4CB8-A04C-F6024137AEC6}
		{A1C4698B-63F5-47A1-A38B-60645B8E3A1A} = {C07CA2D6-BC24-4209-BB1F-7D3DA4220045}
	EndGlobalSection
	GlobalSection(ExtensibilityGlobals) = postSolution
		SolutionGuid = {B5082422-6D97-4D79-9E8D-4CBC75444388}
	EndGlobalSection
EndGlobal
