
Microsoft Visual Studio Solution File, Format Version 12.00
# Visual Studio 15
VisualStudioVersion = 15.0.27428.2037
MinimumVisualStudioVersion = 10.0.40219.1
Project("{FAE04EC0-301F-11D3-BF4B-00C04F79EFBC}") = "Cellular.Common", "Cellular.Common\Cellular.Common.csproj", "{0C2B77A0-EC13-4602-A3F0-93378DCA22A0}"
EndProject
Global
	GlobalSection(SolutionConfigurationPlatforms) = preSolution
		Debug|Any CPU = Debug|Any CPU
		Release|Any CPU = Release|Any CPU
	EndGlobalSection
	GlobalSection(ProjectConfigurationPlatforms) = postSolution
		{0C2B77A0-EC13-4602-A3F0-93378DCA22A0}.Debug|Any CPU.ActiveCfg = Debug|Any CPU
		{0C2B77A0-EC13-4602-A3F0-93378DCA22A0}.Debug|Any CPU.Build.0 = Debug|Any CPU
		{0C2B77A0-EC13-4602-A3F0-93378DCA22A0}.Release|Any CPU.ActiveCfg = Release|Any CPU
		{0C2B77A0-EC13-4602-A3F0-93378DCA22A0}.Release|Any CPU.Build.0 = Release|Any CPU
	EndGlobalSection
	GlobalSection(SolutionProperties) = preSolution
		HideSolutionNode = FALSE
	EndGlobalSection
	GlobalSection(ExtensibilityGlobals) = postSolution
		SolutionGuid = {B5082422-6D97-4D79-9E8D-4CBC75444388}
	EndGlobalSection
EndGlobal
