
Microsoft Visual Studio Solution File, Format Version 12.00
# Visual Studio 15
VisualStudioVersion = 15.0.27428.2037
MinimumVisualStudioVersion = 10.0.40219.1
Project("{9A19103F-16F7-4668-BE54-9A1E7A4F7556}") = "Cellular.Common", "Cellular.Common\Cellular.Common.csproj", "{0C2B77A0-EC13-4602-A3F0-93378DCA22A0}"
EndProject
Project("{FAE04EC0-301F-11D3-BF4B-00C04F79EFBC}") = "Cellular.MainDal", "Cellular.MainDal\Cellular.MainDal.csproj", "{C99E954C-6709-4B9B-B37B-B1E77C9F1D96}"
EndProject
Project("{2150E333-8FDC-42A3-9474-1A3956D46DE8}") = "CRM", "CRM", "{2DFAE468-40BF-4BA2-8957-EB4080C97BFE}"
EndProject
Project("{2150E333-8FDC-42A3-9474-1A3956D46DE8}") = "Client", "Client", "{C07CA2D6-BC24-4209-BB1F-7D3DA4220045}"
EndProject
Project("{2150E333-8FDC-42A3-9474-1A3956D46DE8}") = "BI", "BI", "{550A729A-9054-4CB8-A04C-F6024137AEC6}"
EndProject
Project("{2150E333-8FDC-42A3-9474-1A3956D46DE8}") = "Client", "Client", "{9238DE41-24E7-4020-AC0C-E6F1737F6424}"
EndProject
Project("{FAE04EC0-301F-11D3-BF4B-00C04F79EFBC}") = "Cellular.CRM.BL", "Cellular.CRM.BL\Cellular.CRM.BL.csproj", "{A4CE08CD-0306-4102-8C7A-94B23C8AC225}"
EndProject
Project("{FAE04EC0-301F-11D3-BF4B-00C04F79EFBC}") = "Cellular.CRM.DAL", "Cellular.CRM.DAL\Cellular.CRM.DAL.csproj", "{0B51C709-E6F6-46A4-9989-1E81652A40F3}"
EndProject
Project("{FAE04EC0-301F-11D3-BF4B-00C04F79EFBC}") = "Cellular.BI.DAL", "Cellular.BI.DAL\Cellular.BI.DAL.csproj", "{2BC84601-B93A-407C-843E-AC23F4A47D4A}"
EndProject
Project("{2150E333-8FDC-42A3-9474-1A3956D46DE8}") = "Invoices", "Invoices", "{CCEE07B7-3105-4475-9D02-1576609BC70D}"
EndProject
Project("{FAE04EC0-301F-11D3-BF4B-00C04F79EFBC}") = "Cellular.Invoices.DAL", "Cellular.Invoices.DAL\Cellular.Invoices.DAL.csproj", "{9E5B8CD0-0E15-415C-9665-5C546BFCA6C5}"
EndProject
Project("{2150E333-8FDC-42A3-9474-1A3956D46DE8}") = "Client", "Client", "{539F93E8-AC74-40FB-88A6-DA180AE89D11}"
EndProject
Project("{9A19103F-16F7-4668-BE54-9A1E7A4F7556}") = "Cellular.Invoices.Client", "Cellular.Invoices.Client\Cellular.Invoices.Client.csproj", "{40EEB7C4-17A3-4D91-B04B-712876F5A2F2}"
EndProject
Project("{FAE04EC0-301F-11D3-BF4B-00C04F79EFBC}") = "Cellular.Server", "Cellular.Server\Cellular.Server.csproj", "{31329434-2432-4A1B-AB75-A9A4BB834C5E}"
EndProject
Project("{FAE04EC0-301F-11D3-BF4B-00C04F79EFBC}") = "Cellular.BI.BL", "Cellular.BI.BL\Cellular.BI.BL.csproj", "{047B39E3-3E3A-4836-93EF-5C915E3C6CAA}"
EndProject
Project("{9A19103F-16F7-4668-BE54-9A1E7A4F7556}") = "Cellular.BI.Client", "Cellular.BI.Client\Cellular.BI.Client.csproj", "{4E76D3FD-C824-4416-91A0-29E628BF2D49}"
EndProject
Project("{FAE04EC0-301F-11D3-BF4B-00C04F79EFBC}") = "Cellular.BI.Client.UWP", "Cellular.BI.Client.UWP\Cellular.BI.Client.UWP.csproj", "{B19CE565-2943-43DD-9A75-5D4220BB850B}"
EndProject
Project("{FAE04EC0-301F-11D3-BF4B-00C04F79EFBC}") = "Cellular.Invoices.Client.UWP", "Cellular.Invoices.Client.UWP\Cellular.Invoices.Client.UWP.csproj", "{A0FCCDC7-F8E6-42E0-8FD7-019B0C2C2A1E}"
EndProject
Project("{FAE04EC0-301F-11D3-BF4B-00C04F79EFBC}") = "Cellular.Invoices.BL", "Cellular.Invoices.BL\Cellular.Invoices.BL.csproj", "{DE373D53-119F-4625-8777-CEEC5C822C58}"
EndProject
Project("{9A19103F-16F7-4668-BE54-9A1E7A4F7556}") = "Cellular.CRM.Client", "Cellular.CRM.Client\Cellular.CRM.Client.csproj", "{82614F8B-B527-440F-9C53-643CFD5373DD}"
EndProject
Project("{FAE04EC0-301F-11D3-BF4B-00C04F79EFBC}") = "Cellular.CRM.Client.UWP", "Cellular.CRM.Client.UWP\Cellular.CRM.Client.UWP.csproj", "{15A0C232-5E88-46EC-8197-F8F4BE2CFF24}"
EndProject
Project("{FAE04EC0-301F-11D3-BF4B-00C04F79EFBC}") = "Cellular.Simulator.Client", "Cellular.Simulator.Client\Cellular.Simulator.Client.csproj", "{BB01E34B-64CE-4CB0-9EAA-C967705D6BC9}"
EndProject
Project("{FAE04EC0-301F-11D3-BF4B-00C04F79EFBC}") = "Cellular.Simulator.Client.UWP", "Cellular.Simulator.Client.UWP\Cellular.Simulator.Client.UWP.csproj", "{54C2882E-7366-4FAA-8EAE-7CF428B2DB3A}"
EndProject
Project("{FAE04EC0-301F-11D3-BF4B-00C04F79EFBC}") = "DALTests", "DALTests\DALTests.csproj", "{4F85F78D-1452-4E1B-9B6F-B1354D85AED3}"
EndProject
Global
	GlobalSection(SolutionConfigurationPlatforms) = preSolution
		Debug|Any CPU = Debug|Any CPU
		Debug|ARM = Debug|ARM
		Debug|x64 = Debug|x64
		Debug|x86 = Debug|x86
		Release|Any CPU = Release|Any CPU
		Release|ARM = Release|ARM
		Release|x64 = Release|x64
		Release|x86 = Release|x86
	EndGlobalSection
	GlobalSection(ProjectConfigurationPlatforms) = postSolution
		{0C2B77A0-EC13-4602-A3F0-93378DCA22A0}.Debug|Any CPU.ActiveCfg = Debug|Any CPU
		{0C2B77A0-EC13-4602-A3F0-93378DCA22A0}.Debug|Any CPU.Build.0 = Debug|Any CPU
		{0C2B77A0-EC13-4602-A3F0-93378DCA22A0}.Debug|ARM.ActiveCfg = Debug|Any CPU
		{0C2B77A0-EC13-4602-A3F0-93378DCA22A0}.Debug|ARM.Build.0 = Debug|Any CPU
		{0C2B77A0-EC13-4602-A3F0-93378DCA22A0}.Debug|x64.ActiveCfg = Debug|Any CPU
		{0C2B77A0-EC13-4602-A3F0-93378DCA22A0}.Debug|x64.Build.0 = Debug|Any CPU
		{0C2B77A0-EC13-4602-A3F0-93378DCA22A0}.Debug|x86.ActiveCfg = Debug|Any CPU
		{0C2B77A0-EC13-4602-A3F0-93378DCA22A0}.Debug|x86.Build.0 = Debug|Any CPU
		{0C2B77A0-EC13-4602-A3F0-93378DCA22A0}.Release|Any CPU.ActiveCfg = Release|Any CPU
		{0C2B77A0-EC13-4602-A3F0-93378DCA22A0}.Release|Any CPU.Build.0 = Release|Any CPU
		{0C2B77A0-EC13-4602-A3F0-93378DCA22A0}.Release|ARM.ActiveCfg = Release|Any CPU
		{0C2B77A0-EC13-4602-A3F0-93378DCA22A0}.Release|ARM.Build.0 = Release|Any CPU
		{0C2B77A0-EC13-4602-A3F0-93378DCA22A0}.Release|x64.ActiveCfg = Release|Any CPU
		{0C2B77A0-EC13-4602-A3F0-93378DCA22A0}.Release|x64.Build.0 = Release|Any CPU
		{0C2B77A0-EC13-4602-A3F0-93378DCA22A0}.Release|x86.ActiveCfg = Release|Any CPU
		{0C2B77A0-EC13-4602-A3F0-93378DCA22A0}.Release|x86.Build.0 = Release|Any CPU
		{C99E954C-6709-4B9B-B37B-B1E77C9F1D96}.Debug|Any CPU.ActiveCfg = Debug|Any CPU
		{C99E954C-6709-4B9B-B37B-B1E77C9F1D96}.Debug|Any CPU.Build.0 = Debug|Any CPU
		{C99E954C-6709-4B9B-B37B-B1E77C9F1D96}.Debug|ARM.ActiveCfg = Debug|Any CPU
		{C99E954C-6709-4B9B-B37B-B1E77C9F1D96}.Debug|ARM.Build.0 = Debug|Any CPU
		{C99E954C-6709-4B9B-B37B-B1E77C9F1D96}.Debug|x64.ActiveCfg = Debug|Any CPU
		{C99E954C-6709-4B9B-B37B-B1E77C9F1D96}.Debug|x64.Build.0 = Debug|Any CPU
		{C99E954C-6709-4B9B-B37B-B1E77C9F1D96}.Debug|x86.ActiveCfg = Debug|Any CPU
		{C99E954C-6709-4B9B-B37B-B1E77C9F1D96}.Debug|x86.Build.0 = Debug|Any CPU
		{C99E954C-6709-4B9B-B37B-B1E77C9F1D96}.Release|Any CPU.ActiveCfg = Release|Any CPU
		{C99E954C-6709-4B9B-B37B-B1E77C9F1D96}.Release|Any CPU.Build.0 = Release|Any CPU
		{C99E954C-6709-4B9B-B37B-B1E77C9F1D96}.Release|ARM.ActiveCfg = Release|Any CPU
		{C99E954C-6709-4B9B-B37B-B1E77C9F1D96}.Release|ARM.Build.0 = Release|Any CPU
		{C99E954C-6709-4B9B-B37B-B1E77C9F1D96}.Release|x64.ActiveCfg = Release|Any CPU
		{C99E954C-6709-4B9B-B37B-B1E77C9F1D96}.Release|x64.Build.0 = Release|Any CPU
		{C99E954C-6709-4B9B-B37B-B1E77C9F1D96}.Release|x86.ActiveCfg = Release|Any CPU
		{C99E954C-6709-4B9B-B37B-B1E77C9F1D96}.Release|x86.Build.0 = Release|Any CPU
		{A4CE08CD-0306-4102-8C7A-94B23C8AC225}.Debug|Any CPU.ActiveCfg = Debug|Any CPU
		{A4CE08CD-0306-4102-8C7A-94B23C8AC225}.Debug|Any CPU.Build.0 = Debug|Any CPU
		{A4CE08CD-0306-4102-8C7A-94B23C8AC225}.Debug|ARM.ActiveCfg = Debug|Any CPU
		{A4CE08CD-0306-4102-8C7A-94B23C8AC225}.Debug|ARM.Build.0 = Debug|Any CPU
		{A4CE08CD-0306-4102-8C7A-94B23C8AC225}.Debug|x64.ActiveCfg = Debug|Any CPU
		{A4CE08CD-0306-4102-8C7A-94B23C8AC225}.Debug|x64.Build.0 = Debug|Any CPU
		{A4CE08CD-0306-4102-8C7A-94B23C8AC225}.Debug|x86.ActiveCfg = Debug|Any CPU
		{A4CE08CD-0306-4102-8C7A-94B23C8AC225}.Debug|x86.Build.0 = Debug|Any CPU
		{A4CE08CD-0306-4102-8C7A-94B23C8AC225}.Release|Any CPU.ActiveCfg = Release|Any CPU
		{A4CE08CD-0306-4102-8C7A-94B23C8AC225}.Release|Any CPU.Build.0 = Release|Any CPU
		{A4CE08CD-0306-4102-8C7A-94B23C8AC225}.Release|ARM.ActiveCfg = Release|Any CPU
		{A4CE08CD-0306-4102-8C7A-94B23C8AC225}.Release|ARM.Build.0 = Release|Any CPU
		{A4CE08CD-0306-4102-8C7A-94B23C8AC225}.Release|x64.ActiveCfg = Release|Any CPU
		{A4CE08CD-0306-4102-8C7A-94B23C8AC225}.Release|x64.Build.0 = Release|Any CPU
		{A4CE08CD-0306-4102-8C7A-94B23C8AC225}.Release|x86.ActiveCfg = Release|Any CPU
		{A4CE08CD-0306-4102-8C7A-94B23C8AC225}.Release|x86.Build.0 = Release|Any CPU
		{0B51C709-E6F6-46A4-9989-1E81652A40F3}.Debug|Any CPU.ActiveCfg = Debug|Any CPU
		{0B51C709-E6F6-46A4-9989-1E81652A40F3}.Debug|Any CPU.Build.0 = Debug|Any CPU
		{0B51C709-E6F6-46A4-9989-1E81652A40F3}.Debug|ARM.ActiveCfg = Debug|Any CPU
		{0B51C709-E6F6-46A4-9989-1E81652A40F3}.Debug|ARM.Build.0 = Debug|Any CPU
		{0B51C709-E6F6-46A4-9989-1E81652A40F3}.Debug|x64.ActiveCfg = Debug|Any CPU
		{0B51C709-E6F6-46A4-9989-1E81652A40F3}.Debug|x64.Build.0 = Debug|Any CPU
		{0B51C709-E6F6-46A4-9989-1E81652A40F3}.Debug|x86.ActiveCfg = Debug|Any CPU
		{0B51C709-E6F6-46A4-9989-1E81652A40F3}.Debug|x86.Build.0 = Debug|Any CPU
		{0B51C709-E6F6-46A4-9989-1E81652A40F3}.Release|Any CPU.ActiveCfg = Release|Any CPU
		{0B51C709-E6F6-46A4-9989-1E81652A40F3}.Release|Any CPU.Build.0 = Release|Any CPU
		{0B51C709-E6F6-46A4-9989-1E81652A40F3}.Release|ARM.ActiveCfg = Release|Any CPU
		{0B51C709-E6F6-46A4-9989-1E81652A40F3}.Release|ARM.Build.0 = Release|Any CPU
		{0B51C709-E6F6-46A4-9989-1E81652A40F3}.Release|x64.ActiveCfg = Release|Any CPU
		{0B51C709-E6F6-46A4-9989-1E81652A40F3}.Release|x64.Build.0 = Release|Any CPU
		{0B51C709-E6F6-46A4-9989-1E81652A40F3}.Release|x86.ActiveCfg = Release|Any CPU
		{0B51C709-E6F6-46A4-9989-1E81652A40F3}.Release|x86.Build.0 = Release|Any CPU
		{2BC84601-B93A-407C-843E-AC23F4A47D4A}.Debug|Any CPU.ActiveCfg = Debug|Any CPU
		{2BC84601-B93A-407C-843E-AC23F4A47D4A}.Debug|Any CPU.Build.0 = Debug|Any CPU
		{2BC84601-B93A-407C-843E-AC23F4A47D4A}.Debug|ARM.ActiveCfg = Debug|Any CPU
		{2BC84601-B93A-407C-843E-AC23F4A47D4A}.Debug|ARM.Build.0 = Debug|Any CPU
		{2BC84601-B93A-407C-843E-AC23F4A47D4A}.Debug|x64.ActiveCfg = Debug|Any CPU
		{2BC84601-B93A-407C-843E-AC23F4A47D4A}.Debug|x64.Build.0 = Debug|Any CPU
		{2BC84601-B93A-407C-843E-AC23F4A47D4A}.Debug|x86.ActiveCfg = Debug|Any CPU
		{2BC84601-B93A-407C-843E-AC23F4A47D4A}.Debug|x86.Build.0 = Debug|Any CPU
		{2BC84601-B93A-407C-843E-AC23F4A47D4A}.Release|Any CPU.ActiveCfg = Release|Any CPU
		{2BC84601-B93A-407C-843E-AC23F4A47D4A}.Release|Any CPU.Build.0 = Release|Any CPU
		{2BC84601-B93A-407C-843E-AC23F4A47D4A}.Release|ARM.ActiveCfg = Release|Any CPU
		{2BC84601-B93A-407C-843E-AC23F4A47D4A}.Release|ARM.Build.0 = Release|Any CPU
		{2BC84601-B93A-407C-843E-AC23F4A47D4A}.Release|x64.ActiveCfg = Release|Any CPU
		{2BC84601-B93A-407C-843E-AC23F4A47D4A}.Release|x64.Build.0 = Release|Any CPU
		{2BC84601-B93A-407C-843E-AC23F4A47D4A}.Release|x86.ActiveCfg = Release|Any CPU
		{2BC84601-B93A-407C-843E-AC23F4A47D4A}.Release|x86.Build.0 = Release|Any CPU
		{9E5B8CD0-0E15-415C-9665-5C546BFCA6C5}.Debug|Any CPU.ActiveCfg = Debug|Any CPU
		{9E5B8CD0-0E15-415C-9665-5C546BFCA6C5}.Debug|Any CPU.Build.0 = Debug|Any CPU
		{9E5B8CD0-0E15-415C-9665-5C546BFCA6C5}.Debug|ARM.ActiveCfg = Debug|Any CPU
		{9E5B8CD0-0E15-415C-9665-5C546BFCA6C5}.Debug|ARM.Build.0 = Debug|Any CPU
		{9E5B8CD0-0E15-415C-9665-5C546BFCA6C5}.Debug|x64.ActiveCfg = Debug|Any CPU
		{9E5B8CD0-0E15-415C-9665-5C546BFCA6C5}.Debug|x64.Build.0 = Debug|Any CPU
		{9E5B8CD0-0E15-415C-9665-5C546BFCA6C5}.Debug|x86.ActiveCfg = Debug|Any CPU
		{9E5B8CD0-0E15-415C-9665-5C546BFCA6C5}.Debug|x86.Build.0 = Debug|Any CPU
		{9E5B8CD0-0E15-415C-9665-5C546BFCA6C5}.Release|Any CPU.ActiveCfg = Release|Any CPU
		{9E5B8CD0-0E15-415C-9665-5C546BFCA6C5}.Release|Any CPU.Build.0 = Release|Any CPU
		{9E5B8CD0-0E15-415C-9665-5C546BFCA6C5}.Release|ARM.ActiveCfg = Release|Any CPU
		{9E5B8CD0-0E15-415C-9665-5C546BFCA6C5}.Release|ARM.Build.0 = Release|Any CPU
		{9E5B8CD0-0E15-415C-9665-5C546BFCA6C5}.Release|x64.ActiveCfg = Release|Any CPU
		{9E5B8CD0-0E15-415C-9665-5C546BFCA6C5}.Release|x64.Build.0 = Release|Any CPU
		{9E5B8CD0-0E15-415C-9665-5C546BFCA6C5}.Release|x86.ActiveCfg = Release|Any CPU
		{9E5B8CD0-0E15-415C-9665-5C546BFCA6C5}.Release|x86.Build.0 = Release|Any CPU
		{40EEB7C4-17A3-4D91-B04B-712876F5A2F2}.Debug|Any CPU.ActiveCfg = Debug|Any CPU
		{40EEB7C4-17A3-4D91-B04B-712876F5A2F2}.Debug|Any CPU.Build.0 = Debug|Any CPU
		{40EEB7C4-17A3-4D91-B04B-712876F5A2F2}.Debug|ARM.ActiveCfg = Debug|Any CPU
		{40EEB7C4-17A3-4D91-B04B-712876F5A2F2}.Debug|ARM.Build.0 = Debug|Any CPU
		{40EEB7C4-17A3-4D91-B04B-712876F5A2F2}.Debug|x64.ActiveCfg = Debug|Any CPU
		{40EEB7C4-17A3-4D91-B04B-712876F5A2F2}.Debug|x64.Build.0 = Debug|Any CPU
		{40EEB7C4-17A3-4D91-B04B-712876F5A2F2}.Debug|x86.ActiveCfg = Debug|Any CPU
		{40EEB7C4-17A3-4D91-B04B-712876F5A2F2}.Debug|x86.Build.0 = Debug|Any CPU
		{40EEB7C4-17A3-4D91-B04B-712876F5A2F2}.Release|Any CPU.ActiveCfg = Release|Any CPU
		{40EEB7C4-17A3-4D91-B04B-712876F5A2F2}.Release|Any CPU.Build.0 = Release|Any CPU
		{40EEB7C4-17A3-4D91-B04B-712876F5A2F2}.Release|ARM.ActiveCfg = Release|Any CPU
		{40EEB7C4-17A3-4D91-B04B-712876F5A2F2}.Release|ARM.Build.0 = Release|Any CPU
		{40EEB7C4-17A3-4D91-B04B-712876F5A2F2}.Release|x64.ActiveCfg = Release|Any CPU
		{40EEB7C4-17A3-4D91-B04B-712876F5A2F2}.Release|x64.Build.0 = Release|Any CPU
		{40EEB7C4-17A3-4D91-B04B-712876F5A2F2}.Release|x86.ActiveCfg = Release|Any CPU
		{40EEB7C4-17A3-4D91-B04B-712876F5A2F2}.Release|x86.Build.0 = Release|Any CPU
		{31329434-2432-4A1B-AB75-A9A4BB834C5E}.Debug|Any CPU.ActiveCfg = Debug|Any CPU
		{31329434-2432-4A1B-AB75-A9A4BB834C5E}.Debug|Any CPU.Build.0 = Debug|Any CPU
		{31329434-2432-4A1B-AB75-A9A4BB834C5E}.Debug|ARM.ActiveCfg = Debug|Any CPU
		{31329434-2432-4A1B-AB75-A9A4BB834C5E}.Debug|ARM.Build.0 = Debug|Any CPU
		{31329434-2432-4A1B-AB75-A9A4BB834C5E}.Debug|x64.ActiveCfg = Debug|Any CPU
		{31329434-2432-4A1B-AB75-A9A4BB834C5E}.Debug|x64.Build.0 = Debug|Any CPU
		{31329434-2432-4A1B-AB75-A9A4BB834C5E}.Debug|x86.ActiveCfg = Debug|Any CPU
		{31329434-2432-4A1B-AB75-A9A4BB834C5E}.Debug|x86.Build.0 = Debug|Any CPU
		{31329434-2432-4A1B-AB75-A9A4BB834C5E}.Release|Any CPU.ActiveCfg = Release|Any CPU
		{31329434-2432-4A1B-AB75-A9A4BB834C5E}.Release|Any CPU.Build.0 = Release|Any CPU
		{31329434-2432-4A1B-AB75-A9A4BB834C5E}.Release|ARM.ActiveCfg = Release|Any CPU
		{31329434-2432-4A1B-AB75-A9A4BB834C5E}.Release|ARM.Build.0 = Release|Any CPU
		{31329434-2432-4A1B-AB75-A9A4BB834C5E}.Release|x64.ActiveCfg = Release|Any CPU
		{31329434-2432-4A1B-AB75-A9A4BB834C5E}.Release|x64.Build.0 = Release|Any CPU
		{31329434-2432-4A1B-AB75-A9A4BB834C5E}.Release|x86.ActiveCfg = Release|Any CPU
		{31329434-2432-4A1B-AB75-A9A4BB834C5E}.Release|x86.Build.0 = Release|Any CPU
		{047B39E3-3E3A-4836-93EF-5C915E3C6CAA}.Debug|Any CPU.ActiveCfg = Debug|Any CPU
		{047B39E3-3E3A-4836-93EF-5C915E3C6CAA}.Debug|Any CPU.Build.0 = Debug|Any CPU
		{047B39E3-3E3A-4836-93EF-5C915E3C6CAA}.Debug|ARM.ActiveCfg = Debug|Any CPU
		{047B39E3-3E3A-4836-93EF-5C915E3C6CAA}.Debug|ARM.Build.0 = Debug|Any CPU
		{047B39E3-3E3A-4836-93EF-5C915E3C6CAA}.Debug|x64.ActiveCfg = Debug|Any CPU
		{047B39E3-3E3A-4836-93EF-5C915E3C6CAA}.Debug|x64.Build.0 = Debug|Any CPU
		{047B39E3-3E3A-4836-93EF-5C915E3C6CAA}.Debug|x86.ActiveCfg = Debug|Any CPU
		{047B39E3-3E3A-4836-93EF-5C915E3C6CAA}.Debug|x86.Build.0 = Debug|Any CPU
		{047B39E3-3E3A-4836-93EF-5C915E3C6CAA}.Release|Any CPU.ActiveCfg = Release|Any CPU
		{047B39E3-3E3A-4836-93EF-5C915E3C6CAA}.Release|Any CPU.Build.0 = Release|Any CPU
		{047B39E3-3E3A-4836-93EF-5C915E3C6CAA}.Release|ARM.ActiveCfg = Release|Any CPU
		{047B39E3-3E3A-4836-93EF-5C915E3C6CAA}.Release|ARM.Build.0 = Release|Any CPU
		{047B39E3-3E3A-4836-93EF-5C915E3C6CAA}.Release|x64.ActiveCfg = Release|Any CPU
		{047B39E3-3E3A-4836-93EF-5C915E3C6CAA}.Release|x64.Build.0 = Release|Any CPU
		{047B39E3-3E3A-4836-93EF-5C915E3C6CAA}.Release|x86.ActiveCfg = Release|Any CPU
		{047B39E3-3E3A-4836-93EF-5C915E3C6CAA}.Release|x86.Build.0 = Release|Any CPU
		{4E76D3FD-C824-4416-91A0-29E628BF2D49}.Debug|Any CPU.ActiveCfg = Debug|Any CPU
		{4E76D3FD-C824-4416-91A0-29E628BF2D49}.Debug|Any CPU.Build.0 = Debug|Any CPU
		{4E76D3FD-C824-4416-91A0-29E628BF2D49}.Debug|ARM.ActiveCfg = Debug|Any CPU
		{4E76D3FD-C824-4416-91A0-29E628BF2D49}.Debug|ARM.Build.0 = Debug|Any CPU
		{4E76D3FD-C824-4416-91A0-29E628BF2D49}.Debug|x64.ActiveCfg = Debug|Any CPU
		{4E76D3FD-C824-4416-91A0-29E628BF2D49}.Debug|x64.Build.0 = Debug|Any CPU
		{4E76D3FD-C824-4416-91A0-29E628BF2D49}.Debug|x86.ActiveCfg = Debug|Any CPU
		{4E76D3FD-C824-4416-91A0-29E628BF2D49}.Debug|x86.Build.0 = Debug|Any CPU
		{4E76D3FD-C824-4416-91A0-29E628BF2D49}.Release|Any CPU.ActiveCfg = Release|Any CPU
		{4E76D3FD-C824-4416-91A0-29E628BF2D49}.Release|Any CPU.Build.0 = Release|Any CPU
		{4E76D3FD-C824-4416-91A0-29E628BF2D49}.Release|ARM.ActiveCfg = Release|Any CPU
		{4E76D3FD-C824-4416-91A0-29E628BF2D49}.Release|ARM.Build.0 = Release|Any CPU
		{4E76D3FD-C824-4416-91A0-29E628BF2D49}.Release|x64.ActiveCfg = Release|Any CPU
		{4E76D3FD-C824-4416-91A0-29E628BF2D49}.Release|x64.Build.0 = Release|Any CPU
		{4E76D3FD-C824-4416-91A0-29E628BF2D49}.Release|x86.ActiveCfg = Release|Any CPU
		{4E76D3FD-C824-4416-91A0-29E628BF2D49}.Release|x86.Build.0 = Release|Any CPU
		{B19CE565-2943-43DD-9A75-5D4220BB850B}.Debug|Any CPU.ActiveCfg = Debug|x86
		{B19CE565-2943-43DD-9A75-5D4220BB850B}.Debug|ARM.ActiveCfg = Debug|ARM
		{B19CE565-2943-43DD-9A75-5D4220BB850B}.Debug|ARM.Build.0 = Debug|ARM
		{B19CE565-2943-43DD-9A75-5D4220BB850B}.Debug|ARM.Deploy.0 = Debug|ARM
		{B19CE565-2943-43DD-9A75-5D4220BB850B}.Debug|x64.ActiveCfg = Debug|x64
		{B19CE565-2943-43DD-9A75-5D4220BB850B}.Debug|x64.Build.0 = Debug|x64
		{B19CE565-2943-43DD-9A75-5D4220BB850B}.Debug|x64.Deploy.0 = Debug|x64
		{B19CE565-2943-43DD-9A75-5D4220BB850B}.Debug|x86.ActiveCfg = Debug|x86
		{B19CE565-2943-43DD-9A75-5D4220BB850B}.Debug|x86.Build.0 = Debug|x86
		{B19CE565-2943-43DD-9A75-5D4220BB850B}.Debug|x86.Deploy.0 = Debug|x86
		{B19CE565-2943-43DD-9A75-5D4220BB850B}.Release|Any CPU.ActiveCfg = Release|x86
		{B19CE565-2943-43DD-9A75-5D4220BB850B}.Release|ARM.ActiveCfg = Release|ARM
		{B19CE565-2943-43DD-9A75-5D4220BB850B}.Release|ARM.Build.0 = Release|ARM
		{B19CE565-2943-43DD-9A75-5D4220BB850B}.Release|ARM.Deploy.0 = Release|ARM
		{B19CE565-2943-43DD-9A75-5D4220BB850B}.Release|x64.ActiveCfg = Release|x64
		{B19CE565-2943-43DD-9A75-5D4220BB850B}.Release|x64.Build.0 = Release|x64
		{B19CE565-2943-43DD-9A75-5D4220BB850B}.Release|x64.Deploy.0 = Release|x64
		{B19CE565-2943-43DD-9A75-5D4220BB850B}.Release|x86.ActiveCfg = Release|x86
		{B19CE565-2943-43DD-9A75-5D4220BB850B}.Release|x86.Build.0 = Release|x86
		{B19CE565-2943-43DD-9A75-5D4220BB850B}.Release|x86.Deploy.0 = Release|x86
		{A0FCCDC7-F8E6-42E0-8FD7-019B0C2C2A1E}.Debug|Any CPU.ActiveCfg = Debug|x86
		{A0FCCDC7-F8E6-42E0-8FD7-019B0C2C2A1E}.Debug|ARM.ActiveCfg = Debug|ARM
		{A0FCCDC7-F8E6-42E0-8FD7-019B0C2C2A1E}.Debug|ARM.Build.0 = Debug|ARM
		{A0FCCDC7-F8E6-42E0-8FD7-019B0C2C2A1E}.Debug|ARM.Deploy.0 = Debug|ARM
		{A0FCCDC7-F8E6-42E0-8FD7-019B0C2C2A1E}.Debug|x64.ActiveCfg = Debug|x64
		{A0FCCDC7-F8E6-42E0-8FD7-019B0C2C2A1E}.Debug|x64.Build.0 = Debug|x64
		{A0FCCDC7-F8E6-42E0-8FD7-019B0C2C2A1E}.Debug|x64.Deploy.0 = Debug|x64
		{A0FCCDC7-F8E6-42E0-8FD7-019B0C2C2A1E}.Debug|x86.ActiveCfg = Debug|x86
		{A0FCCDC7-F8E6-42E0-8FD7-019B0C2C2A1E}.Debug|x86.Build.0 = Debug|x86
		{A0FCCDC7-F8E6-42E0-8FD7-019B0C2C2A1E}.Debug|x86.Deploy.0 = Debug|x86
		{A0FCCDC7-F8E6-42E0-8FD7-019B0C2C2A1E}.Release|Any CPU.ActiveCfg = Release|x86
		{A0FCCDC7-F8E6-42E0-8FD7-019B0C2C2A1E}.Release|ARM.ActiveCfg = Release|ARM
		{A0FCCDC7-F8E6-42E0-8FD7-019B0C2C2A1E}.Release|ARM.Build.0 = Release|ARM
		{A0FCCDC7-F8E6-42E0-8FD7-019B0C2C2A1E}.Release|ARM.Deploy.0 = Release|ARM
		{A0FCCDC7-F8E6-42E0-8FD7-019B0C2C2A1E}.Release|x64.ActiveCfg = Release|x64
		{A0FCCDC7-F8E6-42E0-8FD7-019B0C2C2A1E}.Release|x64.Build.0 = Release|x64
		{A0FCCDC7-F8E6-42E0-8FD7-019B0C2C2A1E}.Release|x64.Deploy.0 = Release|x64
		{A0FCCDC7-F8E6-42E0-8FD7-019B0C2C2A1E}.Release|x86.ActiveCfg = Release|x86
		{A0FCCDC7-F8E6-42E0-8FD7-019B0C2C2A1E}.Release|x86.Build.0 = Release|x86
		{A0FCCDC7-F8E6-42E0-8FD7-019B0C2C2A1E}.Release|x86.Deploy.0 = Release|x86
		{DE373D53-119F-4625-8777-CEEC5C822C58}.Debug|Any CPU.ActiveCfg = Debug|Any CPU
		{DE373D53-119F-4625-8777-CEEC5C822C58}.Debug|Any CPU.Build.0 = Debug|Any CPU
		{DE373D53-119F-4625-8777-CEEC5C822C58}.Debug|ARM.ActiveCfg = Debug|Any CPU
		{DE373D53-119F-4625-8777-CEEC5C822C58}.Debug|ARM.Build.0 = Debug|Any CPU
		{DE373D53-119F-4625-8777-CEEC5C822C58}.Debug|x64.ActiveCfg = Debug|Any CPU
		{DE373D53-119F-4625-8777-CEEC5C822C58}.Debug|x64.Build.0 = Debug|Any CPU
		{DE373D53-119F-4625-8777-CEEC5C822C58}.Debug|x86.ActiveCfg = Debug|Any CPU
		{DE373D53-119F-4625-8777-CEEC5C822C58}.Debug|x86.Build.0 = Debug|Any CPU
		{DE373D53-119F-4625-8777-CEEC5C822C58}.Release|Any CPU.ActiveCfg = Release|Any CPU
		{DE373D53-119F-4625-8777-CEEC5C822C58}.Release|Any CPU.Build.0 = Release|Any CPU
		{DE373D53-119F-4625-8777-CEEC5C822C58}.Release|ARM.ActiveCfg = Release|Any CPU
		{DE373D53-119F-4625-8777-CEEC5C822C58}.Release|ARM.Build.0 = Release|Any CPU
		{DE373D53-119F-4625-8777-CEEC5C822C58}.Release|x64.ActiveCfg = Release|Any CPU
		{DE373D53-119F-4625-8777-CEEC5C822C58}.Release|x64.Build.0 = Release|Any CPU
		{DE373D53-119F-4625-8777-CEEC5C822C58}.Release|x86.ActiveCfg = Release|Any CPU
		{DE373D53-119F-4625-8777-CEEC5C822C58}.Release|x86.Build.0 = Release|Any CPU
		{82614F8B-B527-440F-9C53-643CFD5373DD}.Debug|Any CPU.ActiveCfg = Debug|Any CPU
		{82614F8B-B527-440F-9C53-643CFD5373DD}.Debug|Any CPU.Build.0 = Debug|Any CPU
		{82614F8B-B527-440F-9C53-643CFD5373DD}.Debug|ARM.ActiveCfg = Debug|Any CPU
		{82614F8B-B527-440F-9C53-643CFD5373DD}.Debug|ARM.Build.0 = Debug|Any CPU
		{82614F8B-B527-440F-9C53-643CFD5373DD}.Debug|x64.ActiveCfg = Debug|Any CPU
		{82614F8B-B527-440F-9C53-643CFD5373DD}.Debug|x64.Build.0 = Debug|Any CPU
		{82614F8B-B527-440F-9C53-643CFD5373DD}.Debug|x86.ActiveCfg = Debug|Any CPU
		{82614F8B-B527-440F-9C53-643CFD5373DD}.Debug|x86.Build.0 = Debug|Any CPU
		{82614F8B-B527-440F-9C53-643CFD5373DD}.Release|Any CPU.ActiveCfg = Release|Any CPU
		{82614F8B-B527-440F-9C53-643CFD5373DD}.Release|Any CPU.Build.0 = Release|Any CPU
		{82614F8B-B527-440F-9C53-643CFD5373DD}.Release|ARM.ActiveCfg = Release|Any CPU
		{82614F8B-B527-440F-9C53-643CFD5373DD}.Release|ARM.Build.0 = Release|Any CPU
		{82614F8B-B527-440F-9C53-643CFD5373DD}.Release|x64.ActiveCfg = Release|Any CPU
		{82614F8B-B527-440F-9C53-643CFD5373DD}.Release|x64.Build.0 = Release|Any CPU
		{82614F8B-B527-440F-9C53-643CFD5373DD}.Release|x86.ActiveCfg = Release|Any CPU
		{82614F8B-B527-440F-9C53-643CFD5373DD}.Release|x86.Build.0 = Release|Any CPU
		{15A0C232-5E88-46EC-8197-F8F4BE2CFF24}.Debug|Any CPU.ActiveCfg = Debug|x86
		{15A0C232-5E88-46EC-8197-F8F4BE2CFF24}.Debug|ARM.ActiveCfg = Debug|ARM
		{15A0C232-5E88-46EC-8197-F8F4BE2CFF24}.Debug|ARM.Build.0 = Debug|ARM
		{15A0C232-5E88-46EC-8197-F8F4BE2CFF24}.Debug|ARM.Deploy.0 = Debug|ARM
		{15A0C232-5E88-46EC-8197-F8F4BE2CFF24}.Debug|x64.ActiveCfg = Debug|x64
		{15A0C232-5E88-46EC-8197-F8F4BE2CFF24}.Debug|x64.Build.0 = Debug|x64
		{15A0C232-5E88-46EC-8197-F8F4BE2CFF24}.Debug|x64.Deploy.0 = Debug|x64
		{15A0C232-5E88-46EC-8197-F8F4BE2CFF24}.Debug|x86.ActiveCfg = Debug|x86
		{15A0C232-5E88-46EC-8197-F8F4BE2CFF24}.Debug|x86.Build.0 = Debug|x86
		{15A0C232-5E88-46EC-8197-F8F4BE2CFF24}.Debug|x86.Deploy.0 = Debug|x86
		{15A0C232-5E88-46EC-8197-F8F4BE2CFF24}.Release|Any CPU.ActiveCfg = Release|x86
		{15A0C232-5E88-46EC-8197-F8F4BE2CFF24}.Release|ARM.ActiveCfg = Release|ARM
		{15A0C232-5E88-46EC-8197-F8F4BE2CFF24}.Release|ARM.Build.0 = Release|ARM
		{15A0C232-5E88-46EC-8197-F8F4BE2CFF24}.Release|ARM.Deploy.0 = Release|ARM
		{15A0C232-5E88-46EC-8197-F8F4BE2CFF24}.Release|x64.ActiveCfg = Release|x64
		{15A0C232-5E88-46EC-8197-F8F4BE2CFF24}.Release|x64.Build.0 = Release|x64
		{15A0C232-5E88-46EC-8197-F8F4BE2CFF24}.Release|x64.Deploy.0 = Release|x64
		{15A0C232-5E88-46EC-8197-F8F4BE2CFF24}.Release|x86.ActiveCfg = Release|x86
		{15A0C232-5E88-46EC-8197-F8F4BE2CFF24}.Release|x86.Build.0 = Release|x86
		{15A0C232-5E88-46EC-8197-F8F4BE2CFF24}.Release|x86.Deploy.0 = Release|x86
		{BB01E34B-64CE-4CB0-9EAA-C967705D6BC9}.Debug|Any CPU.ActiveCfg = Debug|Any CPU
		{BB01E34B-64CE-4CB0-9EAA-C967705D6BC9}.Debug|Any CPU.Build.0 = Debug|Any CPU
		{BB01E34B-64CE-4CB0-9EAA-C967705D6BC9}.Debug|ARM.ActiveCfg = Debug|Any CPU
		{BB01E34B-64CE-4CB0-9EAA-C967705D6BC9}.Debug|ARM.Build.0 = Debug|Any CPU
		{BB01E34B-64CE-4CB0-9EAA-C967705D6BC9}.Debug|x64.ActiveCfg = Debug|Any CPU
		{BB01E34B-64CE-4CB0-9EAA-C967705D6BC9}.Debug|x64.Build.0 = Debug|Any CPU
		{BB01E34B-64CE-4CB0-9EAA-C967705D6BC9}.Debug|x86.ActiveCfg = Debug|Any CPU
		{BB01E34B-64CE-4CB0-9EAA-C967705D6BC9}.Debug|x86.Build.0 = Debug|Any CPU
		{BB01E34B-64CE-4CB0-9EAA-C967705D6BC9}.Release|Any CPU.ActiveCfg = Release|Any CPU
		{BB01E34B-64CE-4CB0-9EAA-C967705D6BC9}.Release|Any CPU.Build.0 = Release|Any CPU
		{BB01E34B-64CE-4CB0-9EAA-C967705D6BC9}.Release|ARM.ActiveCfg = Release|Any CPU
		{BB01E34B-64CE-4CB0-9EAA-C967705D6BC9}.Release|ARM.Build.0 = Release|Any CPU
		{BB01E34B-64CE-4CB0-9EAA-C967705D6BC9}.Release|x64.ActiveCfg = Release|Any CPU
		{BB01E34B-64CE-4CB0-9EAA-C967705D6BC9}.Release|x64.Build.0 = Release|Any CPU
		{BB01E34B-64CE-4CB0-9EAA-C967705D6BC9}.Release|x86.ActiveCfg = Release|Any CPU
		{BB01E34B-64CE-4CB0-9EAA-C967705D6BC9}.Release|x86.Build.0 = Release|Any CPU
		{54C2882E-7366-4FAA-8EAE-7CF428B2DB3A}.Debug|Any CPU.ActiveCfg = Debug|x86
		{54C2882E-7366-4FAA-8EAE-7CF428B2DB3A}.Debug|ARM.ActiveCfg = Debug|ARM
		{54C2882E-7366-4FAA-8EAE-7CF428B2DB3A}.Debug|ARM.Build.0 = Debug|ARM
		{54C2882E-7366-4FAA-8EAE-7CF428B2DB3A}.Debug|ARM.Deploy.0 = Debug|ARM
		{54C2882E-7366-4FAA-8EAE-7CF428B2DB3A}.Debug|x64.ActiveCfg = Debug|x64
		{54C2882E-7366-4FAA-8EAE-7CF428B2DB3A}.Debug|x64.Build.0 = Debug|x64
		{54C2882E-7366-4FAA-8EAE-7CF428B2DB3A}.Debug|x64.Deploy.0 = Debug|x64
		{54C2882E-7366-4FAA-8EAE-7CF428B2DB3A}.Debug|x86.ActiveCfg = Debug|x86
		{54C2882E-7366-4FAA-8EAE-7CF428B2DB3A}.Debug|x86.Build.0 = Debug|x86
		{54C2882E-7366-4FAA-8EAE-7CF428B2DB3A}.Debug|x86.Deploy.0 = Debug|x86
		{54C2882E-7366-4FAA-8EAE-7CF428B2DB3A}.Release|Any CPU.ActiveCfg = Release|x86
		{54C2882E-7366-4FAA-8EAE-7CF428B2DB3A}.Release|ARM.ActiveCfg = Release|ARM
		{54C2882E-7366-4FAA-8EAE-7CF428B2DB3A}.Release|ARM.Build.0 = Release|ARM
		{54C2882E-7366-4FAA-8EAE-7CF428B2DB3A}.Release|ARM.Deploy.0 = Release|ARM
		{54C2882E-7366-4FAA-8EAE-7CF428B2DB3A}.Release|x64.ActiveCfg = Release|x64
		{54C2882E-7366-4FAA-8EAE-7CF428B2DB3A}.Release|x64.Build.0 = Release|x64
		{54C2882E-7366-4FAA-8EAE-7CF428B2DB3A}.Release|x64.Deploy.0 = Release|x64
		{54C2882E-7366-4FAA-8EAE-7CF428B2DB3A}.Release|x86.ActiveCfg = Release|x86
		{54C2882E-7366-4FAA-8EAE-7CF428B2DB3A}.Release|x86.Build.0 = Release|x86
		{54C2882E-7366-4FAA-8EAE-7CF428B2DB3A}.Release|x86.Deploy.0 = Release|x86
		{4F85F78D-1452-4E1B-9B6F-B1354D85AED3}.Debug|Any CPU.ActiveCfg = Debug|Any CPU
		{4F85F78D-1452-4E1B-9B6F-B1354D85AED3}.Debug|Any CPU.Build.0 = Debug|Any CPU
		{4F85F78D-1452-4E1B-9B6F-B1354D85AED3}.Debug|ARM.ActiveCfg = Debug|Any CPU
		{4F85F78D-1452-4E1B-9B6F-B1354D85AED3}.Debug|ARM.Build.0 = Debug|Any CPU
		{4F85F78D-1452-4E1B-9B6F-B1354D85AED3}.Debug|x64.ActiveCfg = Debug|Any CPU
		{4F85F78D-1452-4E1B-9B6F-B1354D85AED3}.Debug|x64.Build.0 = Debug|Any CPU
		{4F85F78D-1452-4E1B-9B6F-B1354D85AED3}.Debug|x86.ActiveCfg = Debug|Any CPU
		{4F85F78D-1452-4E1B-9B6F-B1354D85AED3}.Debug|x86.Build.0 = Debug|Any CPU
		{4F85F78D-1452-4E1B-9B6F-B1354D85AED3}.Release|Any CPU.ActiveCfg = Release|Any CPU
		{4F85F78D-1452-4E1B-9B6F-B1354D85AED3}.Release|Any CPU.Build.0 = Release|Any CPU
		{4F85F78D-1452-4E1B-9B6F-B1354D85AED3}.Release|ARM.ActiveCfg = Release|Any CPU
		{4F85F78D-1452-4E1B-9B6F-B1354D85AED3}.Release|ARM.Build.0 = Release|Any CPU
		{4F85F78D-1452-4E1B-9B6F-B1354D85AED3}.Release|x64.ActiveCfg = Release|Any CPU
		{4F85F78D-1452-4E1B-9B6F-B1354D85AED3}.Release|x64.Build.0 = Release|Any CPU
		{4F85F78D-1452-4E1B-9B6F-B1354D85AED3}.Release|x86.ActiveCfg = Release|Any CPU
		{4F85F78D-1452-4E1B-9B6F-B1354D85AED3}.Release|x86.Build.0 = Release|Any CPU
	EndGlobalSection
	GlobalSection(SolutionProperties) = preSolution
		HideSolutionNode = FALSE
	EndGlobalSection
	GlobalSection(NestedProjects) = preSolution
		{C07CA2D6-BC24-4209-BB1F-7D3DA4220045} = {2DFAE468-40BF-4BA2-8957-EB4080C97BFE}
		{9238DE41-24E7-4020-AC0C-E6F1737F6424} = {550A729A-9054-4CB8-A04C-F6024137AEC6}
		{A4CE08CD-0306-4102-8C7A-94B23C8AC225} = {2DFAE468-40BF-4BA2-8957-EB4080C97BFE}
		{0B51C709-E6F6-46A4-9989-1E81652A40F3} = {2DFAE468-40BF-4BA2-8957-EB4080C97BFE}
		{2BC84601-B93A-407C-843E-AC23F4A47D4A} = {550A729A-9054-4CB8-A04C-F6024137AEC6}
		{9E5B8CD0-0E15-415C-9665-5C546BFCA6C5} = {CCEE07B7-3105-4475-9D02-1576609BC70D}
		{539F93E8-AC74-40FB-88A6-DA180AE89D11} = {CCEE07B7-3105-4475-9D02-1576609BC70D}
		{40EEB7C4-17A3-4D91-B04B-712876F5A2F2} = {539F93E8-AC74-40FB-88A6-DA180AE89D11}
		{047B39E3-3E3A-4836-93EF-5C915E3C6CAA} = {550A729A-9054-4CB8-A04C-F6024137AEC6}
		{4E76D3FD-C824-4416-91A0-29E628BF2D49} = {9238DE41-24E7-4020-AC0C-E6F1737F6424}
		{B19CE565-2943-43DD-9A75-5D4220BB850B} = {9238DE41-24E7-4020-AC0C-E6F1737F6424}
		{A0FCCDC7-F8E6-42E0-8FD7-019B0C2C2A1E} = {539F93E8-AC74-40FB-88A6-DA180AE89D11}
		{DE373D53-119F-4625-8777-CEEC5C822C58} = {CCEE07B7-3105-4475-9D02-1576609BC70D}
		{82614F8B-B527-440F-9C53-643CFD5373DD} = {C07CA2D6-BC24-4209-BB1F-7D3DA4220045}
		{15A0C232-5E88-46EC-8197-F8F4BE2CFF24} = {C07CA2D6-BC24-4209-BB1F-7D3DA4220045}
		{BB01E34B-64CE-4CB0-9EAA-C967705D6BC9} = {539F93E8-AC74-40FB-88A6-DA180AE89D11}
		{54C2882E-7366-4FAA-8EAE-7CF428B2DB3A} = {539F93E8-AC74-40FB-88A6-DA180AE89D11}
	EndGlobalSection
	GlobalSection(ExtensibilityGlobals) = postSolution
		SolutionGuid = {B5082422-6D97-4D79-9E8D-4CBC75444388}
	EndGlobalSection
EndGlobal
